
Microsoft Visual Studio Solution File, Format Version 12.00
# Visual Studio Version 17
VisualStudioVersion = 17.10.34928.147
MinimumVisualStudioVersion = 10.0.40219.1
Project("{FAE04EC0-301F-11D3-BF4B-00C04F79EFBC}") = "Day14", "Day14\Day14.csproj", "{808B5C1F-340F-42D3-A7AC-46BF5BB56720}"
EndProject
Global
	GlobalSection(SolutionConfigurationPlatforms) = preSolution
		Debug|Any CPU = Debug|Any CPU
		Release|Any CPU = Release|Any CPU
	EndGlobalSection
	GlobalSection(ProjectConfigurationPlatforms) = postSolution
		{808B5C1F-340F-42D3-A7AC-46BF5BB56720}.Debug|Any CPU.ActiveCfg = Debug|Any CPU
		{808B5C1F-340F-42D3-A7AC-46BF5BB56720}.Debug|Any CPU.Build.0 = Debug|Any CPU
		{808B5C1F-340F-42D3-A7AC-46BF5BB56720}.Release|Any CPU.ActiveCfg = Release|Any CPU
		{808B5C1F-340F-42D3-A7AC-46BF5BB56720}.Release|Any CPU.Build.0 = Release|Any CPU
	EndGlobalSection
	GlobalSection(SolutionProperties) = preSolution
		HideSolutionNode = FALSE
	EndGlobalSection
	GlobalSection(ExtensibilityGlobals) = postSolution
		SolutionGuid = {447E0B61-A41C-43EF-A556-71D02E331D8D}
	EndGlobalSection
EndGlobal
