
Microsoft Visual Studio Solution File, Format Version 12.00
# Visual Studio Version 17
VisualStudioVersion = 17.10.34928.147
MinimumVisualStudioVersion = 10.0.40219.1
Project("{FAE04EC0-301F-11D3-BF4B-00C04F79EFBC}") = "Day18_Task1", "Day18_Task1\Day18_Task1.csproj", "{BD357E6A-5CAA-4A88-B51B-46D442639EAF}"
EndProject
Global
	GlobalSection(SolutionConfigurationPlatforms) = preSolution
		Debug|Any CPU = Debug|Any CPU
		Release|Any CPU = Release|Any CPU
	EndGlobalSection
	GlobalSection(ProjectConfigurationPlatforms) = postSolution
		{BD357E6A-5CAA-4A88-B51B-46D442639EAF}.Debug|Any CPU.ActiveCfg = Debug|Any CPU
		{BD357E6A-5CAA-4A88-B51B-46D442639EAF}.Debug|Any CPU.Build.0 = Debug|Any CPU
		{BD357E6A-5CAA-4A88-B51B-46D442639EAF}.Release|Any CPU.ActiveCfg = Release|Any CPU
		{BD357E6A-5CAA-4A88-B51B-46D442639EAF}.Release|Any CPU.Build.0 = Release|Any CPU
	EndGlobalSection
	GlobalSection(SolutionProperties) = preSolution
		HideSolutionNode = FALSE
	EndGlobalSection
	GlobalSection(ExtensibilityGlobals) = postSolution
		SolutionGuid = {592FE627-2FCA-4DFC-916D-3F2789448FE2}
	EndGlobalSection
EndGlobal
