
Microsoft Visual Studio Solution File, Format Version 12.00
# Visual Studio Version 17
VisualStudioVersion = 17.10.34928.147
MinimumVisualStudioVersion = 10.0.40219.1
Project("{9A19103F-16F7-4668-BE54-9A1E7A4F7556}") = "JWT_Authentication", "JWT_Authentication.csproj", "{EFE517BD-7057-4B74-AB1B-88D8F9C94B05}"
EndProject
Global
	GlobalSection(SolutionConfigurationPlatforms) = preSolution
		Debug|Any CPU = Debug|Any CPU
		Release|Any CPU = Release|Any CPU
	EndGlobalSection
	GlobalSection(ProjectConfigurationPlatforms) = postSolution
		{EFE517BD-7057-4B74-AB1B-88D8F9C94B05}.Debug|Any CPU.ActiveCfg = Debug|Any CPU
		{EFE517BD-7057-4B74-AB1B-88D8F9C94B05}.Debug|Any CPU.Build.0 = Debug|Any CPU
		{EFE517BD-7057-4B74-AB1B-88D8F9C94B05}.Release|Any CPU.ActiveCfg = Release|Any CPU
		{EFE517BD-7057-4B74-AB1B-88D8F9C94B05}.Release|Any CPU.Build.0 = Release|Any CPU
	EndGlobalSection
	GlobalSection(SolutionProperties) = preSolution
		HideSolutionNode = FALSE
	EndGlobalSection
	GlobalSection(ExtensibilityGlobals) = postSolution
		SolutionGuid = {F3855304-95B0-4126-AB9F-1CAF626E3B8D}
	EndGlobalSection
EndGlobal
