
Microsoft Visual Studio Solution File, Format Version 12.00
# Visual Studio Version 17
VisualStudioVersion = 17.10.34928.147
MinimumVisualStudioVersion = 10.0.40219.1
Project("{FAE04EC0-301F-11D3-BF4B-00C04F79EFBC}") = "Day9", "Day9\Day9.csproj", "{39B0B24D-6126-493A-B7D7-ADD94A39B511}"
EndProject
Global
	GlobalSection(SolutionConfigurationPlatforms) = preSolution
		Debug|Any CPU = Debug|Any CPU
		Release|Any CPU = Release|Any CPU
	EndGlobalSection
	GlobalSection(ProjectConfigurationPlatforms) = postSolution
		{39B0B24D-6126-493A-B7D7-ADD94A39B511}.Debug|Any CPU.ActiveCfg = Debug|Any CPU
		{39B0B24D-6126-493A-B7D7-ADD94A39B511}.Debug|Any CPU.Build.0 = Debug|Any CPU
		{39B0B24D-6126-493A-B7D7-ADD94A39B511}.Release|Any CPU.ActiveCfg = Release|Any CPU
		{39B0B24D-6126-493A-B7D7-ADD94A39B511}.Release|Any CPU.Build.0 = Release|Any CPU
	EndGlobalSection
	GlobalSection(SolutionProperties) = preSolution
		HideSolutionNode = FALSE
	EndGlobalSection
	GlobalSection(ExtensibilityGlobals) = postSolution
		SolutionGuid = {1D8A8DE4-27DD-43D0-861D-88E4EB9898DA}
	EndGlobalSection
EndGlobal
