
Microsoft Visual Studio Solution File, Format Version 12.00
# Visual Studio Version 17
VisualStudioVersion = 17.10.34928.147
MinimumVisualStudioVersion = 10.0.40219.1
Project("{FAE04EC0-301F-11D3-BF4B-00C04F79EFBC}") = "Day17_Task2", "Day17_Task2\Day17_Task2.csproj", "{066AAA93-C250-443A-B5E6-D4B3EBD26438}"
EndProject
Global
	GlobalSection(SolutionConfigurationPlatforms) = preSolution
		Debug|Any CPU = Debug|Any CPU
		Release|Any CPU = Release|Any CPU
	EndGlobalSection
	GlobalSection(ProjectConfigurationPlatforms) = postSolution
		{066AAA93-C250-443A-B5E6-D4B3EBD26438}.Debug|Any CPU.ActiveCfg = Debug|Any CPU
		{066AAA93-C250-443A-B5E6-D4B3EBD26438}.Debug|Any CPU.Build.0 = Debug|Any CPU
		{066AAA93-C250-443A-B5E6-D4B3EBD26438}.Release|Any CPU.ActiveCfg = Release|Any CPU
		{066AAA93-C250-443A-B5E6-D4B3EBD26438}.Release|Any CPU.Build.0 = Release|Any CPU
	EndGlobalSection
	GlobalSection(SolutionProperties) = preSolution
		HideSolutionNode = FALSE
	EndGlobalSection
	GlobalSection(ExtensibilityGlobals) = postSolution
		SolutionGuid = {E74F3FC9-7C0C-4354-870C-FB4D3D1DBAA9}
	EndGlobalSection
EndGlobal
